// !$*UTF8*$!
{
	archiveVersion = 1;
	classes = {
	};
	objectVersion = 56;
	objects = {

/* Begin PBXBuildFile section */
		F3A5AEDB2A27A755001B6111 /* HistoryViewController.swift in Sources */ = {isa = PBXBuildFile; fileRef = F3A5AEDA2A27A755001B6111 /* HistoryViewController.swift */; };
		F3B802C22A269B930016494F /* AppDelegate.swift in Sources */ = {isa = PBXBuildFile; fileRef = F3B802C12A269B930016494F /* AppDelegate.swift */; };
		F3B802C42A269B930016494F /* SceneDelegate.swift in Sources */ = {isa = PBXBuildFile; fileRef = F3B802C32A269B930016494F /* SceneDelegate.swift */; };
		F3B802C62A269B930016494F /* WebViewController.swift in Sources */ = {isa = PBXBuildFile; fileRef = F3B802C52A269B930016494F /* WebViewController.swift */; };
		F3B802C92A269B930016494F /* Main.storyboard in Resources */ = {isa = PBXBuildFile; fileRef = F3B802C72A269B930016494F /* Main.storyboard */; };
		F3B802CC2A269B930016494F /* EmphaTest.xcdatamodeld in Sources */ = {isa = PBXBuildFile; fileRef = F3B802CA2A269B930016494F /* EmphaTest.xcdatamodeld */; };
		F3B802CE2A269B940016494F /* Assets.xcassets in Resources */ = {isa = PBXBuildFile; fileRef = F3B802CD2A269B940016494F /* Assets.xcassets */; };
		F3B802D12A269B940016494F /* LaunchScreen.storyboard in Resources */ = {isa = PBXBuildFile; fileRef = F3B802CF2A269B940016494F /* LaunchScreen.storyboard */; };
		F3B802DC2A269B940016494F /* EmphaTestTests.swift in Sources */ = {isa = PBXBuildFile; fileRef = F3B802DB2A269B940016494F /* EmphaTestTests.swift */; };
		F3B802E62A269B940016494F /* EmphaTestUITests.swift in Sources */ = {isa = PBXBuildFile; fileRef = F3B802E52A269B940016494F /* EmphaTestUITests.swift */; };
		F3B802E82A269B940016494F /* EmphaTestUITestsLaunchTests.swift in Sources */ = {isa = PBXBuildFile; fileRef = F3B802E72A269B940016494F /* EmphaTestUITestsLaunchTests.swift */; };
		F3B802FD2A26A3330016494F /* CoreDataStack.swift in Sources */ = {isa = PBXBuildFile; fileRef = F3B802FC2A26A3330016494F /* CoreDataStack.swift */; };
		F3B803012A275D640016494F /* WebViewModel.swift in Sources */ = {isa = PBXBuildFile; fileRef = F3B803002A275D640016494F /* WebViewModel.swift */; };
		F3B803032A27607A0016494F /* BrowsingHistoryService.swift in Sources */ = {isa = PBXBuildFile; fileRef = F3B803022A27607A0016494F /* BrowsingHistoryService.swift */; };
/* End PBXBuildFile section */

/* Begin PBXContainerItemProxy section */
		F3B802D82A269B940016494F /* PBXContainerItemProxy */ = {
			isa = PBXContainerItemProxy;
			containerPortal = F3B802B62A269B930016494F /* Project object */;
			proxyType = 1;
			remoteGlobalIDString = F3B802BD2A269B930016494F;
			remoteInfo = EmphaTest;
		};
		F3B802E22A269B940016494F /* PBXContainerItemProxy */ = {
			isa = PBXContainerItemProxy;
			containerPortal = F3B802B62A269B930016494F /* Project object */;
			proxyType = 1;
			remoteGlobalIDString = F3B802BD2A269B930016494F;
			remoteInfo = EmphaTest;
		};
/* End PBXContainerItemProxy section */

/* Begin PBXFileReference section */
		F3A5AEDA2A27A755001B6111 /* HistoryViewController.swift */ = {isa = PBXFileReference; lastKnownFileType = sourcecode.swift; path = HistoryViewController.swift; sourceTree = "<group>"; };
		F3B802BE2A269B930016494F /* EmphaTest.app */ = {isa = PBXFileReference; explicitFileType = wrapper.application; includeInIndex = 0; path = EmphaTest.app; sourceTree = BUILT_PRODUCTS_DIR; };
		F3B802C12A269B930016494F /* AppDelegate.swift */ = {isa = PBXFileReference; lastKnownFileType = sourcecode.swift; path = AppDelegate.swift; sourceTree = "<group>"; };
		F3B802C32A269B930016494F /* SceneDelegate.swift */ = {isa = PBXFileReference; lastKnownFileType = sourcecode.swift; path = SceneDelegate.swift; sourceTree = "<group>"; };
		F3B802C52A269B930016494F /* WebViewController.swift */ = {isa = PBXFileReference; lastKnownFileType = sourcecode.swift; path = WebViewController.swift; sourceTree = "<group>"; };
		F3B802C82A269B930016494F /* Base */ = {isa = PBXFileReference; lastKnownFileType = file.storyboard; name = Base; path = Base.lproj/Main.storyboard; sourceTree = "<group>"; };
		F3B802CB2A269B930016494F /* EmphaTest.xcdatamodel */ = {isa = PBXFileReference; lastKnownFileType = wrapper.xcdatamodel; path = EmphaTest.xcdatamodel; sourceTree = "<group>"; };
		F3B802CD2A269B940016494F /* Assets.xcassets */ = {isa = PBXFileReference; lastKnownFileType = folder.assetcatalog; path = Assets.xcassets; sourceTree = "<group>"; };
		F3B802D02A269B940016494F /* Base */ = {isa = PBXFileReference; lastKnownFileType = file.storyboard; name = Base; path = Base.lproj/LaunchScreen.storyboard; sourceTree = "<group>"; };
		F3B802D22A269B940016494F /* Info.plist */ = {isa = PBXFileReference; lastKnownFileType = text.plist.xml; path = Info.plist; sourceTree = "<group>"; };
		F3B802D72A269B940016494F /* EmphaTestTests.xctest */ = {isa = PBXFileReference; explicitFileType = wrapper.cfbundle; includeInIndex = 0; path = EmphaTestTests.xctest; sourceTree = BUILT_PRODUCTS_DIR; };
		F3B802DB2A269B940016494F /* EmphaTestTests.swift */ = {isa = PBXFileReference; lastKnownFileType = sourcecode.swift; path = EmphaTestTests.swift; sourceTree = "<group>"; };
		F3B802E12A269B940016494F /* EmphaTestUITests.xctest */ = {isa = PBXFileReference; explicitFileType = wrapper.cfbundle; includeInIndex = 0; path = EmphaTestUITests.xctest; sourceTree = BUILT_PRODUCTS_DIR; };
		F3B802E52A269B940016494F /* EmphaTestUITests.swift */ = {isa = PBXFileReference; lastKnownFileType = sourcecode.swift; path = EmphaTestUITests.swift; sourceTree = "<group>"; };
		F3B802E72A269B940016494F /* EmphaTestUITestsLaunchTests.swift */ = {isa = PBXFileReference; lastKnownFileType = sourcecode.swift; path = EmphaTestUITestsLaunchTests.swift; sourceTree = "<group>"; };
		F3B802FC2A26A3330016494F /* CoreDataStack.swift */ = {isa = PBXFileReference; lastKnownFileType = sourcecode.swift; path = CoreDataStack.swift; sourceTree = "<group>"; };
		F3B803002A275D640016494F /* WebViewModel.swift */ = {isa = PBXFileReference; lastKnownFileType = sourcecode.swift; path = WebViewModel.swift; sourceTree = "<group>"; };
		F3B803022A27607A0016494F /* BrowsingHistoryService.swift */ = {isa = PBXFileReference; lastKnownFileType = sourcecode.swift; path = BrowsingHistoryService.swift; sourceTree = "<group>"; };
/* End PBXFileReference section */

/* Begin PBXFrameworksBuildPhase section */
		F3B802BB2A269B930016494F /* Frameworks */ = {
			isa = PBXFrameworksBuildPhase;
			buildActionMask = 2147483647;
			files = (
			);
			runOnlyForDeploymentPostprocessing = 0;
		};
		F3B802D42A269B940016494F /* Frameworks */ = {
			isa = PBXFrameworksBuildPhase;
			buildActionMask = 2147483647;
			files = (
			);
			runOnlyForDeploymentPostprocessing = 0;
		};
		F3B802DE2A269B940016494F /* Frameworks */ = {
			isa = PBXFrameworksBuildPhase;
			buildActionMask = 2147483647;
			files = (
			);
			runOnlyForDeploymentPostprocessing = 0;
		};
/* End PBXFrameworksBuildPhase section */

/* Begin PBXGroup section */
		F3A5AEDC2A27AA2A001B6111 /* Services */ = {
			isa = PBXGroup;
			children = (
				F3B803022A27607A0016494F /* BrowsingHistoryService.swift */,
			);
			path = Services;
			sourceTree = "<group>";
		};
		F3A5AEDD2A27AA35001B6111 /* Browser */ = {
			isa = PBXGroup;
			children = (
				F3B802C52A269B930016494F /* WebViewController.swift */,
				F3B803002A275D640016494F /* WebViewModel.swift */,
			);
			path = Browser;
			sourceTree = "<group>";
		};
		F3A5AEDE2A27AA3D001B6111 /* History */ = {
			isa = PBXGroup;
			children = (
				F3A5AEDA2A27A755001B6111 /* HistoryViewController.swift */,
			);
			path = History;
			sourceTree = "<group>";
		};
		F3A5AEDF2A27AA42001B6111 /* Default */ = {
			isa = PBXGroup;
			children = (
				F3B802C12A269B930016494F /* AppDelegate.swift */,
				F3B802C32A269B930016494F /* SceneDelegate.swift */,
			);
			path = Default;
			sourceTree = "<group>";
		};
		F3B802B52A269B930016494F = {
			isa = PBXGroup;
			children = (
				F3B802C02A269B930016494F /* EmphaTest */,
				F3B802DA2A269B940016494F /* EmphaTestTests */,
				F3B802E42A269B940016494F /* EmphaTestUITests */,
				F3B802BF2A269B930016494F /* Products */,
			);
			sourceTree = "<group>";
		};
		F3B802BF2A269B930016494F /* Products */ = {
			isa = PBXGroup;
			children = (
				F3B802BE2A269B930016494F /* EmphaTest.app */,
				F3B802D72A269B940016494F /* EmphaTestTests.xctest */,
				F3B802E12A269B940016494F /* EmphaTestUITests.xctest */,
			);
			name = Products;
			sourceTree = "<group>";
		};
		F3B802C02A269B930016494F /* EmphaTest */ = {
			isa = PBXGroup;
			children = (
				F3A5AEDF2A27AA42001B6111 /* Default */,
				F3A5AEDD2A27AA35001B6111 /* Browser */,
				F3A5AEDE2A27AA3D001B6111 /* History */,
				F3B802C72A269B930016494F /* Main.storyboard */,
				F3A5AEDC2A27AA2A001B6111 /* Services */,
				F3B802F52A269ECD0016494F /* CoreData */,
				F3B802F42A269EB70016494F /* Resources */,
			);
			path = EmphaTest;
			sourceTree = "<group>";
		};
		F3B802DA2A269B940016494F /* EmphaTestTests */ = {
			isa = PBXGroup;
			children = (
				F3B802DB2A269B940016494F /* EmphaTestTests.swift */,
			);
			path = EmphaTestTests;
			sourceTree = "<group>";
		};
		F3B802E42A269B940016494F /* EmphaTestUITests */ = {
			isa = PBXGroup;
			children = (
				F3B802E52A269B940016494F /* EmphaTestUITests.swift */,
				F3B802E72A269B940016494F /* EmphaTestUITestsLaunchTests.swift */,
			);
			path = EmphaTestUITests;
			sourceTree = "<group>";
		};
		F3B802F42A269EB70016494F /* Resources */ = {
			isa = PBXGroup;
			children = (
				F3B802CD2A269B940016494F /* Assets.xcassets */,
				F3B802CF2A269B940016494F /* LaunchScreen.storyboard */,
				F3B802D22A269B940016494F /* Info.plist */,
			);
			path = Resources;
			sourceTree = "<group>";
		};
		F3B802F52A269ECD0016494F /* CoreData */ = {
			isa = PBXGroup;
			children = (
				F3B802CA2A269B930016494F /* EmphaTest.xcdatamodeld */,
				F3B802FC2A26A3330016494F /* CoreDataStack.swift */,
			);
			path = CoreData;
			sourceTree = "<group>";
		};
/* End PBXGroup section */

/* Begin PBXNativeTarget section */
		F3B802BD2A269B930016494F /* EmphaTest */ = {
			isa = PBXNativeTarget;
			buildConfigurationList = F3B802EB2A269B940016494F /* Build configuration list for PBXNativeTarget "EmphaTest" */;
			buildPhases = (
				F3B802BA2A269B930016494F /* Sources */,
				F3B802BB2A269B930016494F /* Frameworks */,
				F3B802BC2A269B930016494F /* Resources */,
			);
			buildRules = (
			);
			dependencies = (
			);
			name = EmphaTest;
			productName = EmphaTest;
			productReference = F3B802BE2A269B930016494F /* EmphaTest.app */;
			productType = "com.apple.product-type.application";
		};
		F3B802D62A269B940016494F /* EmphaTestTests */ = {
			isa = PBXNativeTarget;
			buildConfigurationList = F3B802EE2A269B940016494F /* Build configuration list for PBXNativeTarget "EmphaTestTests" */;
			buildPhases = (
				F3B802D32A269B940016494F /* Sources */,
				F3B802D42A269B940016494F /* Frameworks */,
				F3B802D52A269B940016494F /* Resources */,
			);
			buildRules = (
			);
			dependencies = (
				F3B802D92A269B940016494F /* PBXTargetDependency */,
			);
			name = EmphaTestTests;
			productName = EmphaTestTests;
			productReference = F3B802D72A269B940016494F /* EmphaTestTests.xctest */;
			productType = "com.apple.product-type.bundle.unit-test";
		};
		F3B802E02A269B940016494F /* EmphaTestUITests */ = {
			isa = PBXNativeTarget;
			buildConfigurationList = F3B802F12A269B940016494F /* Build configuration list for PBXNativeTarget "EmphaTestUITests" */;
			buildPhases = (
				F3B802DD2A269B940016494F /* Sources */,
				F3B802DE2A269B940016494F /* Frameworks */,
				F3B802DF2A269B940016494F /* Resources */,
			);
			buildRules = (
			);
			dependencies = (
				F3B802E32A269B940016494F /* PBXTargetDependency */,
			);
			name = EmphaTestUITests;
			productName = EmphaTestUITests;
			productReference = F3B802E12A269B940016494F /* EmphaTestUITests.xctest */;
			productType = "com.apple.product-type.bundle.ui-testing";
		};
/* End PBXNativeTarget section */

/* Begin PBXProject section */
		F3B802B62A269B930016494F /* Project object */ = {
			isa = PBXProject;
			attributes = {
				BuildIndependentTargetsInParallel = 1;
				LastSwiftUpdateCheck = 1430;
				LastUpgradeCheck = 1430;
				TargetAttributes = {
					F3B802BD2A269B930016494F = {
						CreatedOnToolsVersion = 14.3;
					};
					F3B802D62A269B940016494F = {
						CreatedOnToolsVersion = 14.3;
						TestTargetID = F3B802BD2A269B930016494F;
					};
					F3B802E02A269B940016494F = {
						CreatedOnToolsVersion = 14.3;
						TestTargetID = F3B802BD2A269B930016494F;
					};
				};
			};
			buildConfigurationList = F3B802B92A269B930016494F /* Build configuration list for PBXProject "EmphaTest" */;
			compatibilityVersion = "Xcode 14.0";
			developmentRegion = en;
			hasScannedForEncodings = 0;
			knownRegions = (
				en,
				Base,
			);
			mainGroup = F3B802B52A269B930016494F;
			productRefGroup = F3B802BF2A269B930016494F /* Products */;
			projectDirPath = "";
			projectRoot = "";
			targets = (
				F3B802BD2A269B930016494F /* EmphaTest */,
				F3B802D62A269B940016494F /* EmphaTestTests */,
				F3B802E02A269B940016494F /* EmphaTestUITests */,
			);
		};
/* End PBXProject section */

/* Begin PBXResourcesBuildPhase section */
		F3B802BC2A269B930016494F /* Resources */ = {
			isa = PBXResourcesBuildPhase;
			buildActionMask = 2147483647;
			files = (
				F3B802D12A269B940016494F /* LaunchScreen.storyboard in Resources */,
				F3B802CE2A269B940016494F /* Assets.xcassets in Resources */,
				F3B802C92A269B930016494F /* Main.storyboard in Resources */,
			);
			runOnlyForDeploymentPostprocessing = 0;
		};
		F3B802D52A269B940016494F /* Resources */ = {
			isa = PBXResourcesBuildPhase;
			buildActionMask = 2147483647;
			files = (
			);
			runOnlyForDeploymentPostprocessing = 0;
		};
		F3B802DF2A269B940016494F /* Resources */ = {
			isa = PBXResourcesBuildPhase;
			buildActionMask = 2147483647;
			files = (
			);
			runOnlyForDeploymentPostprocessing = 0;
		};
/* End PBXResourcesBuildPhase section */

/* Begin PBXSourcesBuildPhase section */
		F3B802BA2A269B930016494F /* Sources */ = {
			isa = PBXSourcesBuildPhase;
			buildActionMask = 2147483647;
			files = (
				F3B802C62A269B930016494F /* WebViewController.swift in Sources */,
				F3B802CC2A269B930016494F /* EmphaTest.xcdatamodeld in Sources */,
				F3B802C22A269B930016494F /* AppDelegate.swift in Sources */,
				F3B802C42A269B930016494F /* SceneDelegate.swift in Sources */,
				F3B803032A27607A0016494F /* BrowsingHistoryService.swift in Sources */,
				F3B802FD2A26A3330016494F /* CoreDataStack.swift in Sources */,
				F3B803012A275D640016494F /* WebViewModel.swift in Sources */,
				F3A5AEDB2A27A755001B6111 /* HistoryViewController.swift in Sources */,
			);
			runOnlyForDeploymentPostprocessing = 0;
		};
		F3B802D32A269B940016494F /* Sources */ = {
			isa = PBXSourcesBuildPhase;
			buildActionMask = 2147483647;
			files = (
				F3B802DC2A269B940016494F /* EmphaTestTests.swift in Sources */,
			);
			runOnlyForDeploymentPostprocessing = 0;
		};
		F3B802DD2A269B940016494F /* Sources */ = {
			isa = PBXSourcesBuildPhase;
			buildActionMask = 2147483647;
			files = (
				F3B802E82A269B940016494F /* EmphaTestUITestsLaunchTests.swift in Sources */,
				F3B802E62A269B940016494F /* EmphaTestUITests.swift in Sources */,
			);
			runOnlyForDeploymentPostprocessing = 0;
		};
/* End PBXSourcesBuildPhase section */

/* Begin PBXTargetDependency section */
		F3B802D92A269B940016494F /* PBXTargetDependency */ = {
			isa = PBXTargetDependency;
			target = F3B802BD2A269B930016494F /* EmphaTest */;
			targetProxy = F3B802D82A269B940016494F /* PBXContainerItemProxy */;
		};
		F3B802E32A269B940016494F /* PBXTargetDependency */ = {
			isa = PBXTargetDependency;
			target = F3B802BD2A269B930016494F /* EmphaTest */;
			targetProxy = F3B802E22A269B940016494F /* PBXContainerItemProxy */;
		};
/* End PBXTargetDependency section */

/* Begin PBXVariantGroup section */
		F3B802C72A269B930016494F /* Main.storyboard */ = {
			isa = PBXVariantGroup;
			children = (
				F3B802C82A269B930016494F /* Base */,
			);
			name = Main.storyboard;
			sourceTree = "<group>";
		};
		F3B802CF2A269B940016494F /* LaunchScreen.storyboard */ = {
			isa = PBXVariantGroup;
			children = (
				F3B802D02A269B940016494F /* Base */,
			);
			name = LaunchScreen.storyboard;
			sourceTree = "<group>";
		};
/* End PBXVariantGroup section */

/* Begin XCBuildConfiguration section */
		F3B802E92A269B940016494F /* Debug */ = {
			isa = XCBuildConfiguration;
			buildSettings = {
				ALWAYS_SEARCH_USER_PATHS = NO;
				CLANG_ANALYZER_NONNULL = YES;
				CLANG_ANALYZER_NUMBER_OBJECT_CONVERSION = YES_AGGRESSIVE;
				CLANG_CXX_LANGUAGE_STANDARD = "gnu++20";
				CLANG_ENABLE_MODULES = YES;
				CLANG_ENABLE_OBJC_ARC = YES;
				CLANG_ENABLE_OBJC_WEAK = YES;
				CLANG_WARN_BLOCK_CAPTURE_AUTORELEASING = YES;
				CLANG_WARN_BOOL_CONVERSION = YES;
				CLANG_WARN_COMMA = YES;
				CLANG_WARN_CONSTANT_CONVERSION = YES;
				CLANG_WARN_DEPRECATED_OBJC_IMPLEMENTATIONS = YES;
				CLANG_WARN_DIRECT_OBJC_ISA_USAGE = YES_ERROR;
				CLANG_WARN_DOCUMENTATION_COMMENTS = YES;
				CLANG_WARN_EMPTY_BODY = YES;
				CLANG_WARN_ENUM_CONVERSION = YES;
				CLANG_WARN_INFINITE_RECURSION = YES;
				CLANG_WARN_INT_CONVERSION = YES;
				CLANG_WARN_NON_LITERAL_NULL_CONVERSION = YES;
				CLANG_WARN_OBJC_IMPLICIT_RETAIN_SELF = YES;
				CLANG_WARN_OBJC_LITERAL_CONVERSION = YES;
				CLANG_WARN_OBJC_ROOT_CLASS = YES_ERROR;
				CLANG_WARN_QUOTED_INCLUDE_IN_FRAMEWORK_HEADER = YES;
				CLANG_WARN_RANGE_LOOP_ANALYSIS = YES;
				CLANG_WARN_STRICT_PROTOTYPES = YES;
				CLANG_WARN_SUSPICIOUS_MOVE = YES;
				CLANG_WARN_UNGUARDED_AVAILABILITY = YES_AGGRESSIVE;
				CLANG_WARN_UNREACHABLE_CODE = YES;
				CLANG_WARN__DUPLICATE_METHOD_MATCH = YES;
				COPY_PHASE_STRIP = NO;
				DEBUG_INFORMATION_FORMAT = dwarf;
				ENABLE_STRICT_OBJC_MSGSEND = YES;
				ENABLE_TESTABILITY = YES;
				GCC_C_LANGUAGE_STANDARD = gnu11;
				GCC_DYNAMIC_NO_PIC = NO;
				GCC_NO_COMMON_BLOCKS = YES;
				GCC_OPTIMIZATION_LEVEL = 0;
				GCC_PREPROCESSOR_DEFINITIONS = (
					"DEBUG=1",
					"$(inherited)",
				);
				GCC_WARN_64_TO_32_BIT_CONVERSION = YES;
				GCC_WARN_ABOUT_RETURN_TYPE = YES_ERROR;
				GCC_WARN_UNDECLARED_SELECTOR = YES;
				GCC_WARN_UNINITIALIZED_AUTOS = YES_AGGRESSIVE;
				GCC_WARN_UNUSED_FUNCTION = YES;
				GCC_WARN_UNUSED_VARIABLE = YES;
				IPHONEOS_DEPLOYMENT_TARGET = 16.4;
				MTL_ENABLE_DEBUG_INFO = INCLUDE_SOURCE;
				MTL_FAST_MATH = YES;
				ONLY_ACTIVE_ARCH = YES;
				SDKROOT = iphoneos;
				SWIFT_ACTIVE_COMPILATION_CONDITIONS = DEBUG;
				SWIFT_OPTIMIZATION_LEVEL = "-Onone";
			};
			name = Debug;
		};
		F3B802EA2A269B940016494F /* Release */ = {
			isa = XCBuildConfiguration;
			buildSettings = {
				ALWAYS_SEARCH_USER_PATHS = NO;
				CLANG_ANALYZER_NONNULL = YES;
				CLANG_ANALYZER_NUMBER_OBJECT_CONVERSION = YES_AGGRESSIVE;
				CLANG_CXX_LANGUAGE_STANDARD = "gnu++20";
				CLANG_ENABLE_MODULES = YES;
				CLANG_ENABLE_OBJC_ARC = YES;
				CLANG_ENABLE_OBJC_WEAK = YES;
				CLANG_WARN_BLOCK_CAPTURE_AUTORELEASING = YES;
				CLANG_WARN_BOOL_CONVERSION = YES;
				CLANG_WARN_COMMA = YES;
				CLANG_WARN_CONSTANT_CONVERSION = YES;
				CLANG_WARN_DEPRECATED_OBJC_IMPLEMENTATIONS = YES;
				CLANG_WARN_DIRECT_OBJC_ISA_USAGE = YES_ERROR;
				CLANG_WARN_DOCUMENTATION_COMMENTS = YES;
				CLANG_WARN_EMPTY_BODY = YES;
				CLANG_WARN_ENUM_CONVERSION = YES;
				CLANG_WARN_INFINITE_RECURSION = YES;
				CLANG_WARN_INT_CONVERSION = YES;
				CLANG_WARN_NON_LITERAL_NULL_CONVERSION = YES;
				CLANG_WARN_OBJC_IMPLICIT_RETAIN_SELF = YES;
				CLANG_WARN_OBJC_LITERAL_CONVERSION = YES;
				CLANG_WARN_OBJC_ROOT_CLASS = YES_ERROR;
				CLANG_WARN_QUOTED_INCLUDE_IN_FRAMEWORK_HEADER = YES;
				CLANG_WARN_RANGE_LOOP_ANALYSIS = YES;
				CLANG_WARN_STRICT_PROTOTYPES = YES;
				CLANG_WARN_SUSPICIOUS_MOVE = YES;
				CLANG_WARN_UNGUARDED_AVAILABILITY = YES_AGGRESSIVE;
				CLANG_WARN_UNREACHABLE_CODE = YES;
				CLANG_WARN__DUPLICATE_METHOD_MATCH = YES;
				COPY_PHASE_STRIP = NO;
				DEBUG_INFORMATION_FORMAT = "dwarf-with-dsym";
				ENABLE_NS_ASSERTIONS = NO;
				ENABLE_STRICT_OBJC_MSGSEND = YES;
				GCC_C_LANGUAGE_STANDARD = gnu11;
				GCC_NO_COMMON_BLOCKS = YES;
				GCC_WARN_64_TO_32_BIT_CONVERSION = YES;
				GCC_WARN_ABOUT_RETURN_TYPE = YES_ERROR;
				GCC_WARN_UNDECLARED_SELECTOR = YES;
				GCC_WARN_UNINITIALIZED_AUTOS = YES_AGGRESSIVE;
				GCC_WARN_UNUSED_FUNCTION = YES;
				GCC_WARN_UNUSED_VARIABLE = YES;
				IPHONEOS_DEPLOYMENT_TARGET = 16.4;
				MTL_ENABLE_DEBUG_INFO = NO;
				MTL_FAST_MATH = YES;
				SDKROOT = iphoneos;
				SWIFT_COMPILATION_MODE = wholemodule;
				SWIFT_OPTIMIZATION_LEVEL = "-O";
				VALIDATE_PRODUCT = YES;
			};
			name = Release;
		};
		F3B802EC2A269B940016494F /* Debug */ = {
			isa = XCBuildConfiguration;
			buildSettings = {
				ASSETCATALOG_COMPILER_APPICON_NAME = AppIcon;
				ASSETCATALOG_COMPILER_GLOBAL_ACCENT_COLOR_NAME = AccentColor;
				CODE_SIGN_STYLE = Automatic;
				CURRENT_PROJECT_VERSION = 1;
				DEVELOPMENT_TEAM = ZZU2FDU5KQ;
				GENERATE_INFOPLIST_FILE = YES;
				INFOPLIST_FILE = EmphaTest/Resources/Info.plist;
				INFOPLIST_KEY_UIApplicationSupportsIndirectInputEvents = YES;
				INFOPLIST_KEY_UILaunchStoryboardName = LaunchScreen;
				INFOPLIST_KEY_UIMainStoryboardFile = Main;
				INFOPLIST_KEY_UISupportedInterfaceOrientations_iPad = "UIInterfaceOrientationPortrait UIInterfaceOrientationPortraitUpsideDown UIInterfaceOrientationLandscapeLeft UIInterfaceOrientationLandscapeRight";
				INFOPLIST_KEY_UISupportedInterfaceOrientations_iPhone = "UIInterfaceOrientationPortrait UIInterfaceOrientationLandscapeLeft UIInterfaceOrientationLandscapeRight";
				LD_RUNPATH_SEARCH_PATHS = (
					"$(inherited)",
					"@executable_path/Frameworks",
				);
				MARKETING_VERSION = 1.0;
				PRODUCT_BUNDLE_IDENTIFIER = vs.EmphaTest;
				PRODUCT_NAME = "$(TARGET_NAME)";
				SWIFT_EMIT_LOC_STRINGS = YES;
				SWIFT_VERSION = 5.0;
				TARGETED_DEVICE_FAMILY = "1,2";
			};
			name = Debug;
		};
		F3B802ED2A269B940016494F /* Release */ = {
			isa = XCBuildConfiguration;
			buildSettings = {
				ASSETCATALOG_COMPILER_APPICON_NAME = AppIcon;
				ASSETCATALOG_COMPILER_GLOBAL_ACCENT_COLOR_NAME = AccentColor;
				CODE_SIGN_STYLE = Automatic;
				CURRENT_PROJECT_VERSION = 1;
				DEVELOPMENT_TEAM = ZZU2FDU5KQ;
				GENERATE_INFOPLIST_FILE = YES;
				INFOPLIST_FILE = EmphaTest/Resources/Info.plist;
				INFOPLIST_KEY_UIApplicationSupportsIndirectInputEvents = YES;
				INFOPLIST_KEY_UILaunchStoryboardName = LaunchScreen;
				INFOPLIST_KEY_UIMainStoryboardFile = Main;
				INFOPLIST_KEY_UISupportedInterfaceOrientations_iPad = "UIInterfaceOrientationPortrait UIInterfaceOrientationPortraitUpsideDown UIInterfaceOrientationLandscapeLeft UIInterfaceOrientationLandscapeRight";
				INFOPLIST_KEY_UISupportedInterfaceOrientations_iPhone = "UIInterfaceOrientationPortrait UIInterfaceOrientationLandscapeLeft UIInterfaceOrientationLandscapeRight";
				LD_RUNPATH_SEARCH_PATHS = (
					"$(inherited)",
					"@executable_path/Frameworks",
				);
				MARKETING_VERSION = 1.0;
				PRODUCT_BUNDLE_IDENTIFIER = vs.EmphaTest;
				PRODUCT_NAME = "$(TARGET_NAME)";
				SWIFT_EMIT_LOC_STRINGS = YES;
				SWIFT_VERSION = 5.0;
				TARGETED_DEVICE_FAMILY = "1,2";
			};
			name = Release;
		};
		F3B802EF2A269B940016494F /* Debug */ = {
			isa = XCBuildConfiguration;
			buildSettings = {
				ALWAYS_EMBED_SWIFT_STANDARD_LIBRARIES = YES;
				BUNDLE_LOADER = "$(TEST_HOST)";
				CODE_SIGN_STYLE = Automatic;
				CURRENT_PROJECT_VERSION = 1;
				DEVELOPMENT_TEAM = ZZU2FDU5KQ;
				GENERATE_INFOPLIST_FILE = YES;
				IPHONEOS_DEPLOYMENT_TARGET = 16.4;
				MARKETING_VERSION = 1.0;
				PRODUCT_BUNDLE_IDENTIFIER = vs.EmphaTestTests;
				PRODUCT_NAME = "$(TARGET_NAME)";
				SWIFT_EMIT_LOC_STRINGS = NO;
				SWIFT_VERSION = 5.0;
				TARGETED_DEVICE_FAMILY = "1,2";
				TEST_HOST = "$(BUILT_PRODUCTS_DIR)/EmphaTest.app/$(BUNDLE_EXECUTABLE_FOLDER_PATH)/EmphaTest";
			};
			name = Debug;
		};
		F3B802F02A269B940016494F /* Release */ = {
			isa = XCBuildConfiguration;
			buildSettings = {
				ALWAYS_EMBED_SWIFT_STANDARD_LIBRARIES = YES;
				BUNDLE_LOADER = "$(TEST_HOST)";
				CODE_SIGN_STYLE = Automatic;
				CURRENT_PROJECT_VERSION = 1;
				DEVELOPMENT_TEAM = ZZU2FDU5KQ;
				GENERATE_INFOPLIST_FILE = YES;
				IPHONEOS_DEPLOYMENT_TARGET = 16.4;
				MARKETING_VERSION = 1.0;
				PRODUCT_BUNDLE_IDENTIFIER = vs.EmphaTestTests;
				PRODUCT_NAME = "$(TARGET_NAME)";
				SWIFT_EMIT_LOC_STRINGS = NO;
				SWIFT_VERSION = 5.0;
				TARGETED_DEVICE_FAMILY = "1,2";
				TEST_HOST = "$(BUILT_PRODUCTS_DIR)/EmphaTest.app/$(BUNDLE_EXECUTABLE_FOLDER_PATH)/EmphaTest";
			};
			name = Release;
		};
		F3B802F22A269B940016494F /* Debug */ = {
			isa = XCBuildConfiguration;
			buildSettings = {
				ALWAYS_EMBED_SWIFT_STANDARD_LIBRARIES = YES;
				CODE_SIGN_STYLE = Automatic;
				CURRENT_PROJECT_VERSION = 1;
				DEVELOPMENT_TEAM = ZZU2FDU5KQ;
				GENERATE_INFOPLIST_FILE = YES;
				MARKETING_VERSION = 1.0;
				PRODUCT_BUNDLE_IDENTIFIER = vs.EmphaTestUITests;
				PRODUCT_NAME = "$(TARGET_NAME)";
				SWIFT_EMIT_LOC_STRINGS = NO;
				SWIFT_VERSION = 5.0;
				TARGETED_DEVICE_FAMILY = "1,2";
				TEST_TARGET_NAME = EmphaTest;
			};
			name = Debug;
		};
		F3B802F32A269B940016494F /* Release */ = {
			isa = XCBuildConfiguration;
			buildSettings = {
				ALWAYS_EMBED_SWIFT_STANDARD_LIBRARIES = YES;
				CODE_SIGN_STYLE = Automatic;
				CURRENT_PROJECT_VERSION = 1;
				DEVELOPMENT_TEAM = ZZU2FDU5KQ;
				GENERATE_INFOPLIST_FILE = YES;
				MARKETING_VERSION = 1.0;
				PRODUCT_BUNDLE_IDENTIFIER = vs.EmphaTestUITests;
				PRODUCT_NAME = "$(TARGET_NAME)";
				SWIFT_EMIT_LOC_STRINGS = NO;
				SWIFT_VERSION = 5.0;
				TARGETED_DEVICE_FAMILY = "1,2";
				TEST_TARGET_NAME = EmphaTest;
			};
			name = Release;
		};
/* End XCBuildConfiguration section */

/* Begin XCConfigurationList section */
		F3B802B92A269B930016494F /* Build configuration list for PBXProject "EmphaTest" */ = {
			isa = XCConfigurationList;
			buildConfigurations = (
				F3B802E92A269B940016494F /* Debug */,
				F3B802EA2A269B940016494F /* Release */,
			);
			defaultConfigurationIsVisible = 0;
			defaultConfigurationName = Release;
		};
		F3B802EB2A269B940016494F /* Build configuration list for PBXNativeTarget "EmphaTest" */ = {
			isa = XCConfigurationList;
			buildConfigurations = (
				F3B802EC2A269B940016494F /* Debug */,
				F3B802ED2A269B940016494F /* Release */,
			);
			defaultConfigurationIsVisible = 0;
			defaultConfigurationName = Release;
		};
		F3B802EE2A269B940016494F /* Build configuration list for PBXNativeTarget "EmphaTestTests" */ = {
			isa = XCConfigurationList;
			buildConfigurations = (
				F3B802EF2A269B940016494F /* Debug */,
				F3B802F02A269B940016494F /* Release */,
			);
			defaultConfigurationIsVisible = 0;
			defaultConfigurationName = Release;
		};
		F3B802F12A269B940016494F /* Build configuration list for PBXNativeTarget "EmphaTestUITests" */ = {
			isa = XCConfigurationList;
			buildConfigurations = (
				F3B802F22A269B940016494F /* Debug */,
				F3B802F32A269B940016494F /* Release */,
			);
			defaultConfigurationIsVisible = 0;
			defaultConfigurationName = Release;
		};
/* End XCConfigurationList section */

/* Begin XCVersionGroup section */
		F3B802CA2A269B930016494F /* EmphaTest.xcdatamodeld */ = {
			isa = XCVersionGroup;
			children = (
				F3B802CB2A269B930016494F /* EmphaTest.xcdatamodel */,
			);
			currentVersion = F3B802CB2A269B930016494F /* EmphaTest.xcdatamodel */;
			path = EmphaTest.xcdatamodeld;
			sourceTree = "<group>";
			versionGroupType = wrapper.xcdatamodel;
		};
/* End XCVersionGroup section */
	};
	rootObject = F3B802B62A269B930016494F /* Project object */;
}
